
Microsoft Visual Studio Solution File, Format Version 12.00
# Visual Studio 14
VisualStudioVersion = 14.0.25029.0
MinimumVisualStudioVersion = 10.0.40219.1
Project("{FAE04EC0-301F-11D3-BF4B-00C04F79EFBC}") = "RobinhoodNet", "RobinhoodNet\RobinhoodNet.csproj", "{4E7B4836-04A8-47FD-A634-3F99CF388977}"
EndProject
Project("{FAE04EC0-301F-11D3-BF4B-00C04F79EFBC}") = "RhQuote", "RhQuote\RhQuote.csproj", "{77C1F305-3900-4C98-B0BC-BCA4A4671541}"
EndProject
Project("{FAE04EC0-301F-11D3-BF4B-00C04F79EFBC}") = "RhPlaceOrder", "RhPlaceOrder\RhPlaceOrder.csproj", "{07F0BC5F-D397-47CE-B7CE-20D2D38B2C8E}"
EndProject
Project("{2150E333-8FDC-42A3-9474-1A3956D46DE8}") = "Solution Items", "Solution Items", "{10B7E5B5-1E62-40F9-BBEC-E269B4B919C9}"
	ProjectSection(SolutionItems) = preProject
		LICENSE.txt = LICENSE.txt
		README.md = README.md
		README.txt = README.txt
	EndProjectSection
EndProject
Project("{2150E333-8FDC-42A3-9474-1A3956D46DE8}") = ".nuget", ".nuget", "{EA457ABF-B964-4652-A2ED-B16BBEE5C14B}"
	ProjectSection(SolutionItems) = preProject
		.nuget\NuGet.Config = .nuget\NuGet.Config
		.nuget\NuGet.exe = .nuget\NuGet.exe
		.nuget\NuGet.targets = .nuget\NuGet.targets
	EndProjectSection
EndProject
Project("{FAE04EC0-301F-11D3-BF4B-00C04F79EFBC}") = "Stocks4All", "Stocks4All\Stocks4All.csproj", "{5C9EB411-BA83-4441-B544-3135B524532C}"
EndProject
Global
	GlobalSection(SolutionConfigurationPlatforms) = preSolution
		Debug|Any CPU = Debug|Any CPU
		Release|Any CPU = Release|Any CPU
	EndGlobalSection
	GlobalSection(ProjectConfigurationPlatforms) = postSolution
		{4E7B4836-04A8-47FD-A634-3F99CF388977}.Debug|Any CPU.ActiveCfg = Debug|Any CPU
		{4E7B4836-04A8-47FD-A634-3F99CF388977}.Debug|Any CPU.Build.0 = Debug|Any CPU
		{4E7B4836-04A8-47FD-A634-3F99CF388977}.Release|Any CPU.ActiveCfg = Release|Any CPU
		{4E7B4836-04A8-47FD-A634-3F99CF388977}.Release|Any CPU.Build.0 = Release|Any CPU
		{77C1F305-3900-4C98-B0BC-BCA4A4671541}.Debug|Any CPU.ActiveCfg = Debug|Any CPU
		{77C1F305-3900-4C98-B0BC-BCA4A4671541}.Debug|Any CPU.Build.0 = Debug|Any CPU
		{77C1F305-3900-4C98-B0BC-BCA4A4671541}.Release|Any CPU.ActiveCfg = Release|Any CPU
		{77C1F305-3900-4C98-B0BC-BCA4A4671541}.Release|Any CPU.Build.0 = Release|Any CPU
		{07F0BC5F-D397-47CE-B7CE-20D2D38B2C8E}.Debug|Any CPU.ActiveCfg = Debug|Any CPU
		{07F0BC5F-D397-47CE-B7CE-20D2D38B2C8E}.Debug|Any CPU.Build.0 = Debug|Any CPU
		{07F0BC5F-D397-47CE-B7CE-20D2D38B2C8E}.Release|Any CPU.ActiveCfg = Release|Any CPU
		{07F0BC5F-D397-47CE-B7CE-20D2D38B2C8E}.Release|Any CPU.Build.0 = Release|Any CPU
		{5C9EB411-BA83-4441-B544-3135B524532C}.Debug|Any CPU.ActiveCfg = Debug|Any CPU
		{5C9EB411-BA83-4441-B544-3135B524532C}.Debug|Any CPU.Build.0 = Debug|Any CPU
		{5C9EB411-BA83-4441-B544-3135B524532C}.Release|Any CPU.ActiveCfg = Release|Any CPU
		{5C9EB411-BA83-4441-B544-3135B524532C}.Release|Any CPU.Build.0 = Release|Any CPU
	EndGlobalSection
	GlobalSection(SolutionProperties) = preSolution
		HideSolutionNode = FALSE
	EndGlobalSection
	GlobalSection(MonoDevelopProperties) = preSolution
		Policies = $0
		$0.DotNetNamingPolicy = $1
		$1.DirectoryNamespaceAssociation = None
		$1.ResourceNamePolicy = FileFormatDefault
		$0.TextStylePolicy = $2
		$2.FileWidth = 120
		$2.inheritsSet = VisualStudio
		$2.inheritsScope = text/plain
		$2.scope = text/x-csharp
		$0.CSharpFormattingPolicy = $3
		$3.IndentBlocksInsideExpressions = True
		$3.AnonymousMethodBraceStyle = NextLine
		$3.PropertyBraceStyle = NextLine
		$3.PropertyGetBraceStyle = NextLine
		$3.PropertySetBraceStyle = NextLine
		$3.EventBraceStyle = NextLine
		$3.EventAddBraceStyle = NextLine
		$3.EventRemoveBraceStyle = NextLine
		$3.StatementBraceStyle = NextLine
		$3.ElseNewLinePlacement = NewLine
		$3.CatchNewLinePlacement = NewLine
		$3.FinallyNewLinePlacement = NewLine
		$3.WhileNewLinePlacement = DoNotCare
		$3.ArrayInitializerWrapping = DoNotChange
		$3.ArrayInitializerBraceStyle = NextLine
		$3.BeforeMethodCallParentheses = False
		$3.NewLineBeforeConstructorInitializerColon = NewLine
		$3.NewLineAfterConstructorInitializerColon = SameLine
		$3.NewParentheses = False
		$3.SpacesBeforeBrackets = False
		$3.SpacesBeforeArrayDeclarationBrackets = True
		$3.MethodCallArgumentWrapping = WrapIfTooLong
		$3.NewLineAferMethodCallOpenParentheses = NewLine
		$3.AlignToFirstMethodCallArgument = True
		$3.MethodDeclarationParameterWrapping = WrapIfTooLong
		$3.NewLineAferMethodDeclarationOpenParentheses = NewLine
		$3.MethodDeclarationClosingParenthesesOnNewLine = NewLine
		$3.AlignToFirstMethodDeclarationParameter = False
		$3.IndexerDeclarationParameterWrapping = WrapIfTooLong
		$3.NewLineAferIndexerDeclarationOpenBracket = NewLine
		$3.inheritsSet = Mono
		$3.inheritsScope = text/x-csharp
		$3.scope = text/x-csharp
	EndGlobalSection
EndGlobal
